// !$*UTF8*$!
{
	archiveVersion = 1;
	classes = {
	};
	objectVersion = 50;
	objects = {

/* Begin PBXBuildFile section */
		CE547AC02094AD8300EB2577 /* ShareViewController.swift in Sources */ = {isa = PBXBuildFile; fileRef = CE547ABE2094AD8300EB2577 /* ShareViewController.swift */; };
		CE547AC12094AD8300EB2577 /* ShareViewController.xib in Resources */ = {isa = PBXBuildFile; fileRef = CE547ABF2094AD8300EB2577 /* ShareViewController.xib */; };
		CE547AC42094C0AC00EB2577 /* DonateViewController.swift in Sources */ = {isa = PBXBuildFile; fileRef = CE547AC22094C0AC00EB2577 /* DonateViewController.swift */; };
		CE547AC52094C0AC00EB2577 /* DonateViewController.xib in Resources */ = {isa = PBXBuildFile; fileRef = CE547AC32094C0AC00EB2577 /* DonateViewController.xib */; };
		CE547AD42094D2F600EB2577 /* DonateCollectionViewCell.swift in Sources */ = {isa = PBXBuildFile; fileRef = CE547AD22094D2F600EB2577 /* DonateCollectionViewCell.swift */; };
		CE547AD52094D2F600EB2577 /* DonateCollectionViewCell.xib in Resources */ = {isa = PBXBuildFile; fileRef = CE547AD32094D2F600EB2577 /* DonateCollectionViewCell.xib */; };
		CE547AD92094F27900EB2577 /* DonatedetialViewController.swift in Sources */ = {isa = PBXBuildFile; fileRef = CE547AD72094F27900EB2577 /* DonatedetialViewController.swift */; };
		CE547ADA2094F27900EB2577 /* DonatedetialViewController.xib in Resources */ = {isa = PBXBuildFile; fileRef = CE547AD82094F27900EB2577 /* DonatedetialViewController.xib */; };
		FB478D392094EC5F005EF672 /* OTPViewController.xib in Resources */ = {isa = PBXBuildFile; fileRef = FB478D372094EC5F005EF672 /* OTPViewController.xib */; };
		FB478D3A2094EC5F005EF672 /* OTPViewController.swift in Sources */ = {isa = PBXBuildFile; fileRef = FB478D382094EC5F005EF672 /* OTPViewController.swift */; };
		FB478D3D2094EFF6005EF672 /* BaseViewController.swift in Sources */ = {isa = PBXBuildFile; fileRef = FB478D3C2094EFF6005EF672 /* BaseViewController.swift */; };
		FBD649D120944ADE00DA81F5 /* AppDelegate.swift in Sources */ = {isa = PBXBuildFile; fileRef = FBD649D020944ADE00DA81F5 /* AppDelegate.swift */; };
		FBD649D320944ADE00DA81F5 /* ViewController.swift in Sources */ = {isa = PBXBuildFile; fileRef = FBD649D220944ADE00DA81F5 /* ViewController.swift */; };
		FBD649D620944ADE00DA81F5 /* Main.storyboard in Resources */ = {isa = PBXBuildFile; fileRef = FBD649D420944ADE00DA81F5 /* Main.storyboard */; };
		FBD649D820944ADF00DA81F5 /* Assets.xcassets in Resources */ = {isa = PBXBuildFile; fileRef = FBD649D720944ADF00DA81F5 /* Assets.xcassets */; };
		FBD649DB20944ADF00DA81F5 /* LaunchScreen.storyboard in Resources */ = {isa = PBXBuildFile; fileRef = FBD649D920944ADF00DA81F5 /* LaunchScreen.storyboard */; };
		FBD649E42094750200DA81F5 /* HomeViewController.swift in Sources */ = {isa = PBXBuildFile; fileRef = FBD649E22094750200DA81F5 /* HomeViewController.swift */; };
		FBD649E52094750200DA81F5 /* HomeViewController.xib in Resources */ = {isa = PBXBuildFile; fileRef = FBD649E32094750200DA81F5 /* HomeViewController.xib */; };
		FBD649E920947C1200DA81F5 /* CustomTabbarViewController.swift in Sources */ = {isa = PBXBuildFile; fileRef = FBD649E720947C1200DA81F5 /* CustomTabbarViewController.swift */; };
		FBD649F7209482D600DA81F5 /* Info.plist in Resources */ = {isa = PBXBuildFile; fileRef = FBD649DC20944ADF00DA81F5 /* Info.plist */; };
		FBD649FA209482F800DA81F5 /* ChatViewController.swift in Sources */ = {isa = PBXBuildFile; fileRef = FBD649F8209482F800DA81F5 /* ChatViewController.swift */; };
		FBD649FB209482F800DA81F5 /* ChatViewController.xib in Resources */ = {isa = PBXBuildFile; fileRef = FBD649F9209482F800DA81F5 /* ChatViewController.xib */; };
		FBD649FF2094830C00DA81F5 /* PayViewController.swift in Sources */ = {isa = PBXBuildFile; fileRef = FBD649FD2094830C00DA81F5 /* PayViewController.swift */; };
		FBD64A002094830C00DA81F5 /* PayViewController.xib in Resources */ = {isa = PBXBuildFile; fileRef = FBD649FE2094830C00DA81F5 /* PayViewController.xib */; };
		FBD64A042094831C00DA81F5 /* MeViewController.swift in Sources */ = {isa = PBXBuildFile; fileRef = FBD64A022094831C00DA81F5 /* MeViewController.swift */; };
		FBD64A052094831C00DA81F5 /* MeViewController.xib in Resources */ = {isa = PBXBuildFile; fileRef = FBD64A032094831C00DA81F5 /* MeViewController.xib */; };
		FBD64A0920948FFF00DA81F5 /* HomeCollectionViewCell.swift in Sources */ = {isa = PBXBuildFile; fileRef = FBD64A0720948FFF00DA81F5 /* HomeCollectionViewCell.swift */; };
		FBD64A0A20948FFF00DA81F5 /* HomeCollectionViewCell.xib in Resources */ = {isa = PBXBuildFile; fileRef = FBD64A0820948FFF00DA81F5 /* HomeCollectionViewCell.xib */; };
		FBD64A0D2094AB5900DA81F5 /* RSU_light.ttf in Resources */ = {isa = PBXBuildFile; fileRef = FBD64A0C2094AB5900DA81F5 /* RSU_light.ttf */; };
/* End PBXBuildFile section */

/* Begin PBXFileReference section */
		CE547ABE2094AD8300EB2577 /* ShareViewController.swift */ = {isa = PBXFileReference; lastKnownFileType = sourcecode.swift; path = ShareViewController.swift; sourceTree = "<group>"; };
		CE547ABF2094AD8300EB2577 /* ShareViewController.xib */ = {isa = PBXFileReference; lastKnownFileType = file.xib; path = ShareViewController.xib; sourceTree = "<group>"; };
		CE547AC22094C0AC00EB2577 /* DonateViewController.swift */ = {isa = PBXFileReference; lastKnownFileType = sourcecode.swift; path = DonateViewController.swift; sourceTree = "<group>"; };
		CE547AC32094C0AC00EB2577 /* DonateViewController.xib */ = {isa = PBXFileReference; lastKnownFileType = file.xib; path = DonateViewController.xib; sourceTree = "<group>"; };
		CE547AD22094D2F600EB2577 /* DonateCollectionViewCell.swift */ = {isa = PBXFileReference; lastKnownFileType = sourcecode.swift; path = DonateCollectionViewCell.swift; sourceTree = "<group>"; };
		CE547AD32094D2F600EB2577 /* DonateCollectionViewCell.xib */ = {isa = PBXFileReference; lastKnownFileType = file.xib; path = DonateCollectionViewCell.xib; sourceTree = "<group>"; };
		CE547AD72094F27900EB2577 /* DonatedetialViewController.swift */ = {isa = PBXFileReference; lastKnownFileType = sourcecode.swift; path = DonatedetialViewController.swift; sourceTree = "<group>"; };
		CE547AD82094F27900EB2577 /* DonatedetialViewController.xib */ = {isa = PBXFileReference; lastKnownFileType = file.xib; path = DonatedetialViewController.xib; sourceTree = "<group>"; };
		FB478D372094EC5F005EF672 /* OTPViewController.xib */ = {isa = PBXFileReference; fileEncoding = 4; lastKnownFileType = file.xib; path = OTPViewController.xib; sourceTree = "<group>"; };
		FB478D382094EC5F005EF672 /* OTPViewController.swift */ = {isa = PBXFileReference; fileEncoding = 4; lastKnownFileType = sourcecode.swift; path = OTPViewController.swift; sourceTree = "<group>"; };
		FB478D3C2094EFF6005EF672 /* BaseViewController.swift */ = {isa = PBXFileReference; lastKnownFileType = sourcecode.swift; path = BaseViewController.swift; sourceTree = "<group>"; };
		FBD649CD20944ADE00DA81F5 /* UniPay.app */ = {isa = PBXFileReference; explicitFileType = wrapper.application; includeInIndex = 0; path = UniPay.app; sourceTree = BUILT_PRODUCTS_DIR; };
		FBD649D020944ADE00DA81F5 /* AppDelegate.swift */ = {isa = PBXFileReference; lastKnownFileType = sourcecode.swift; path = AppDelegate.swift; sourceTree = "<group>"; };
		FBD649D220944ADE00DA81F5 /* ViewController.swift */ = {isa = PBXFileReference; lastKnownFileType = sourcecode.swift; path = ViewController.swift; sourceTree = "<group>"; };
		FBD649D520944ADE00DA81F5 /* Base */ = {isa = PBXFileReference; lastKnownFileType = file.storyboard; name = Base; path = Base.lproj/Main.storyboard; sourceTree = "<group>"; };
		FBD649D720944ADF00DA81F5 /* Assets.xcassets */ = {isa = PBXFileReference; lastKnownFileType = folder.assetcatalog; path = Assets.xcassets; sourceTree = "<group>"; };
		FBD649DA20944ADF00DA81F5 /* Base */ = {isa = PBXFileReference; lastKnownFileType = file.storyboard; name = Base; path = Base.lproj/LaunchScreen.storyboard; sourceTree = "<group>"; };
		FBD649DC20944ADF00DA81F5 /* Info.plist */ = {isa = PBXFileReference; lastKnownFileType = text.plist.xml; path = Info.plist; sourceTree = "<group>"; };
		FBD649E22094750200DA81F5 /* HomeViewController.swift */ = {isa = PBXFileReference; lastKnownFileType = sourcecode.swift; path = HomeViewController.swift; sourceTree = "<group>"; };
		FBD649E32094750200DA81F5 /* HomeViewController.xib */ = {isa = PBXFileReference; lastKnownFileType = file.xib; path = HomeViewController.xib; sourceTree = "<group>"; };
		FBD649E720947C1200DA81F5 /* CustomTabbarViewController.swift */ = {isa = PBXFileReference; lastKnownFileType = sourcecode.swift; path = CustomTabbarViewController.swift; sourceTree = "<group>"; };
		FBD649F8209482F800DA81F5 /* ChatViewController.swift */ = {isa = PBXFileReference; lastKnownFileType = sourcecode.swift; path = ChatViewController.swift; sourceTree = "<group>"; };
		FBD649F9209482F800DA81F5 /* ChatViewController.xib */ = {isa = PBXFileReference; lastKnownFileType = file.xib; path = ChatViewController.xib; sourceTree = "<group>"; };
		FBD649FD2094830C00DA81F5 /* PayViewController.swift */ = {isa = PBXFileReference; lastKnownFileType = sourcecode.swift; path = PayViewController.swift; sourceTree = "<group>"; };
		FBD649FE2094830C00DA81F5 /* PayViewController.xib */ = {isa = PBXFileReference; lastKnownFileType = file.xib; path = PayViewController.xib; sourceTree = "<group>"; };
		FBD64A022094831C00DA81F5 /* MeViewController.swift */ = {isa = PBXFileReference; lastKnownFileType = sourcecode.swift; path = MeViewController.swift; sourceTree = "<group>"; };
		FBD64A032094831C00DA81F5 /* MeViewController.xib */ = {isa = PBXFileReference; lastKnownFileType = file.xib; path = MeViewController.xib; sourceTree = "<group>"; };
		FBD64A0720948FFF00DA81F5 /* HomeCollectionViewCell.swift */ = {isa = PBXFileReference; lastKnownFileType = sourcecode.swift; path = HomeCollectionViewCell.swift; sourceTree = "<group>"; };
		FBD64A0820948FFF00DA81F5 /* HomeCollectionViewCell.xib */ = {isa = PBXFileReference; lastKnownFileType = file.xib; path = HomeCollectionViewCell.xib; sourceTree = "<group>"; };
		FBD64A0C2094AB5900DA81F5 /* RSU_light.ttf */ = {isa = PBXFileReference; lastKnownFileType = file; path = RSU_light.ttf; sourceTree = "<group>"; };
/* End PBXFileReference section */

/* Begin PBXFrameworksBuildPhase section */
		FBD649CA20944ADE00DA81F5 /* Frameworks */ = {
			isa = PBXFrameworksBuildPhase;
			buildActionMask = 2147483647;
			files = (
			);
			runOnlyForDeploymentPostprocessing = 0;
		};
/* End PBXFrameworksBuildPhase section */

/* Begin PBXGroup section */
		CE547ABD2094AD4E00EB2577 /* Share */ = {
			isa = PBXGroup;
			children = (
				CE547ABE2094AD8300EB2577 /* ShareViewController.swift */,
				CE547ABF2094AD8300EB2577 /* ShareViewController.xib */,
			);
			path = Share;
			sourceTree = "<group>";
		};
		CE547AC62094C0BB00EB2577 /* Donate */ = {
			isa = PBXGroup;
			children = (
				CE547AC22094C0AC00EB2577 /* DonateViewController.swift */,
				CE547AC32094C0AC00EB2577 /* DonateViewController.xib */,
				CE547AD62094D2FC00EB2577 /* DonateCell */,
			);
			path = Donate;
			sourceTree = "<group>";
		};
		CE547AD62094D2FC00EB2577 /* DonateCell */ = {
			isa = PBXGroup;
			children = (
				CE547AD22094D2F600EB2577 /* DonateCollectionViewCell.swift */,
				CE547AD32094D2F600EB2577 /* DonateCollectionViewCell.xib */,
			);
			name = DonateCell;
			path = "New Group";
			sourceTree = "<group>";
		};
		CE547ADB2094F2A700EB2577 /* DonateDetial */ = {
			isa = PBXGroup;
			children = (
				CE547AD72094F27900EB2577 /* DonatedetialViewController.swift */,
				CE547AD82094F27900EB2577 /* DonatedetialViewController.xib */,
			);
			path = DonateDetial;
			sourceTree = "<group>";
		};
		FB478D3B2094EC64005EF672 /* OTP */ = {
			isa = PBXGroup;
			children = (
				FB478D382094EC5F005EF672 /* OTPViewController.swift */,
				FB478D372094EC5F005EF672 /* OTPViewController.xib */,
			);
			path = OTP;
			sourceTree = "<group>";
		};
		FBD649C420944ADD00DA81F5 = {
			isa = PBXGroup;
			children = (
				FBD649CF20944ADE00DA81F5 /* UniPay */,
				FBD649CE20944ADE00DA81F5 /* Products */,
			);
			sourceTree = "<group>";
		};
		FBD649CE20944ADE00DA81F5 /* Products */ = {
			isa = PBXGroup;
			children = (
				FBD649CD20944ADE00DA81F5 /* UniPay.app */,
			);
			name = Products;
			sourceTree = "<group>";
		};
		FBD649CF20944ADE00DA81F5 /* UniPay */ = {
			isa = PBXGroup;
			children = (
				FBD649D020944ADE00DA81F5 /* AppDelegate.swift */,
				FBD649D220944ADE00DA81F5 /* ViewController.swift */,
				FBD64A0C2094AB5900DA81F5 /* RSU_light.ttf */,
				CE547ADB2094F2A700EB2577 /* DonateDetial */,
				CE547AC62094C0BB00EB2577 /* Donate */,
				CE547ABD2094AD4E00EB2577 /* Share */,
				FBD649E62094750600DA81F5 /* Home */,
				FBD649EB20947C2700DA81F5 /* Tabbar */,
				FBD649FC209482FC00DA81F5 /* Chat */,
				FBD64A012094830F00DA81F5 /* Pay */,
				FBD64A062094831F00DA81F5 /* Me */,
				FBD649D720944ADF00DA81F5 /* Assets.xcassets */,
				FBD649D920944ADF00DA81F5 /* LaunchScreen.storyboard */,
				FBD649D420944ADE00DA81F5 /* Main.storyboard */,
				FBD649DC20944ADF00DA81F5 /* Info.plist */,
				FB478D3C2094EFF6005EF672 /* BaseViewController.swift */,
			);
			path = UniPay;
			sourceTree = "<group>";
		};
		FBD649E62094750600DA81F5 /* Home */ = {
			isa = PBXGroup;
			children = (
				FBD649E22094750200DA81F5 /* HomeViewController.swift */,
				FBD649E32094750200DA81F5 /* HomeViewController.xib */,
				FBD64A0B2094900300DA81F5 /* Home Cell */,
			);
			path = Home;
			sourceTree = "<group>";
		};
		FBD649EB20947C2700DA81F5 /* Tabbar */ = {
			isa = PBXGroup;
			children = (
				FBD649E720947C1200DA81F5 /* CustomTabbarViewController.swift */,
			);
			path = Tabbar;
			sourceTree = "<group>";
		};
		FBD649FC209482FC00DA81F5 /* Chat */ = {
			isa = PBXGroup;
			children = (
				FBD649F8209482F800DA81F5 /* ChatViewController.swift */,
				FBD649F9209482F800DA81F5 /* ChatViewController.xib */,
			);
			path = Chat;
			sourceTree = "<group>";
		};
		FBD64A012094830F00DA81F5 /* Pay */ = {
			isa = PBXGroup;
			children = (
				FB478D3B2094EC64005EF672 /* OTP */,
				FBD649FD2094830C00DA81F5 /* PayViewController.swift */,
				FBD649FE2094830C00DA81F5 /* PayViewController.xib */,
			);
			path = Pay;
			sourceTree = "<group>";
		};
		FBD64A062094831F00DA81F5 /* Me */ = {
			isa = PBXGroup;
			children = (
				FBD64A022094831C00DA81F5 /* MeViewController.swift */,
				FBD64A032094831C00DA81F5 /* MeViewController.xib */,
			);
			path = Me;
			sourceTree = "<group>";
		};
		FBD64A0B2094900300DA81F5 /* Home Cell */ = {
			isa = PBXGroup;
			children = (
				FBD64A0720948FFF00DA81F5 /* HomeCollectionViewCell.swift */,
				FBD64A0820948FFF00DA81F5 /* HomeCollectionViewCell.xib */,
			);
			path = "Home Cell";
			sourceTree = "<group>";
		};
/* End PBXGroup section */

/* Begin PBXNativeTarget section */
		FBD649CC20944ADE00DA81F5 /* UniPay */ = {
			isa = PBXNativeTarget;
			buildConfigurationList = FBD649DF20944ADF00DA81F5 /* Build configuration list for PBXNativeTarget "UniPay" */;
			buildPhases = (
				FBD649C920944ADE00DA81F5 /* Sources */,
				FBD649CA20944ADE00DA81F5 /* Frameworks */,
				FBD649CB20944ADE00DA81F5 /* Resources */,
			);
			buildRules = (
			);
			dependencies = (
			);
			name = UniPay;
			productName = UniPay;
			productReference = FBD649CD20944ADE00DA81F5 /* UniPay.app */;
			productType = "com.apple.product-type.application";
		};
/* End PBXNativeTarget section */

/* Begin PBXProject section */
		FBD649C520944ADD00DA81F5 /* Project object */ = {
			isa = PBXProject;
			attributes = {
				LastSwiftUpdateCheck = 0930;
				LastUpgradeCheck = 0930;
				ORGANIZATIONNAME = U21;
				TargetAttributes = {
					FBD649CC20944ADE00DA81F5 = {
						CreatedOnToolsVersion = 9.3;
					};
				};
			};
			buildConfigurationList = FBD649C820944ADD00DA81F5 /* Build configuration list for PBXProject "UniPay" */;
			compatibilityVersion = "Xcode 9.3";
			developmentRegion = en;
			hasScannedForEncodings = 0;
			knownRegions = (
				en,
				Base,
			);
			mainGroup = FBD649C420944ADD00DA81F5;
			productRefGroup = FBD649CE20944ADE00DA81F5 /* Products */;
			projectDirPath = "";
			projectRoot = "";
			targets = (
				FBD649CC20944ADE00DA81F5 /* UniPay */,
			);
		};
/* End PBXProject section */

/* Begin PBXResourcesBuildPhase section */
		FBD649CB20944ADE00DA81F5 /* Resources */ = {
			isa = PBXResourcesBuildPhase;
			buildActionMask = 2147483647;
			files = (
				FBD64A0D2094AB5900DA81F5 /* RSU_light.ttf in Resources */,
				FBD64A002094830C00DA81F5 /* PayViewController.xib in Resources */,
				CE547AC12094AD8300EB2577 /* ShareViewController.xib in Resources */,
				CE547AD52094D2F600EB2577 /* DonateCollectionViewCell.xib in Resources */,
				FB478D392094EC5F005EF672 /* OTPViewController.xib in Resources */,
				FBD649DB20944ADF00DA81F5 /* LaunchScreen.storyboard in Resources */,
				FBD649D820944ADF00DA81F5 /* Assets.xcassets in Resources */,
				FBD649FB209482F800DA81F5 /* ChatViewController.xib in Resources */,
				FBD64A0A20948FFF00DA81F5 /* HomeCollectionViewCell.xib in Resources */,
				CE547AC52094C0AC00EB2577 /* DonateViewController.xib in Resources */,
				FBD649D620944ADE00DA81F5 /* Main.storyboard in Resources */,
				CE547ADA2094F27900EB2577 /* DonatedetialViewController.xib in Resources */,
				FBD649F7209482D600DA81F5 /* Info.plist in Resources */,
				FBD64A052094831C00DA81F5 /* MeViewController.xib in Resources */,
				FBD649E52094750200DA81F5 /* HomeViewController.xib in Resources */,
			);
			runOnlyForDeploymentPostprocessing = 0;
		};
/* End PBXResourcesBuildPhase section */

/* Begin PBXSourcesBuildPhase section */
		FBD649C920944ADE00DA81F5 /* Sources */ = {
			isa = PBXSourcesBuildPhase;
			buildActionMask = 2147483647;
			files = (
				FB478D3D2094EFF6005EF672 /* BaseViewController.swift in Sources */,
				FB478D3A2094EC5F005EF672 /* OTPViewController.swift in Sources */,
				FBD649D320944ADE00DA81F5 /* ViewController.swift in Sources */,
				CE547AD42094D2F600EB2577 /* DonateCollectionViewCell.swift in Sources */,
				CE547AD92094F27900EB2577 /* DonatedetialViewController.swift in Sources */,
				FBD64A042094831C00DA81F5 /* MeViewController.swift in Sources */,
				FBD649FF2094830C00DA81F5 /* PayViewController.swift in Sources */,
				FBD649D120944ADE00DA81F5 /* AppDelegate.swift in Sources */,
				FBD649E920947C1200DA81F5 /* CustomTabbarViewController.swift in Sources */,
				FBD649FA209482F800DA81F5 /* ChatViewController.swift in Sources */,
				CE547AC02094AD8300EB2577 /* ShareViewController.swift in Sources */,
				FBD649E42094750200DA81F5 /* HomeViewController.swift in Sources */,
				FBD64A0920948FFF00DA81F5 /* HomeCollectionViewCell.swift in Sources */,
				CE547AC42094C0AC00EB2577 /* DonateViewController.swift in Sources */,
			);
			runOnlyForDeploymentPostprocessing = 0;
		};
/* End PBXSourcesBuildPhase section */

/* Begin PBXVariantGroup section */
		FBD649D420944ADE00DA81F5 /* Main.storyboard */ = {
			isa = PBXVariantGroup;
			children = (
				FBD649D520944ADE00DA81F5 /* Base */,
			);
			name = Main.storyboard;
			sourceTree = "<group>";
		};
		FBD649D920944ADF00DA81F5 /* LaunchScreen.storyboard */ = {
			isa = PBXVariantGroup;
			children = (
				FBD649DA20944ADF00DA81F5 /* Base */,
			);
			name = LaunchScreen.storyboard;
			sourceTree = "<group>";
		};
/* End PBXVariantGroup section */

/* Begin XCBuildConfiguration section */
		FBD649DD20944ADF00DA81F5 /* Debug */ = {
			isa = XCBuildConfiguration;
			buildSettings = {
				ALWAYS_SEARCH_USER_PATHS = NO;
				CLANG_ANALYZER_NONNULL = YES;
				CLANG_ANALYZER_NUMBER_OBJECT_CONVERSION = YES_AGGRESSIVE;
				CLANG_CXX_LANGUAGE_STANDARD = "gnu++14";
				CLANG_CXX_LIBRARY = "libc++";
				CLANG_ENABLE_MODULES = YES;
				CLANG_ENABLE_OBJC_ARC = YES;
				CLANG_ENABLE_OBJC_WEAK = YES;
				CLANG_WARN_BLOCK_CAPTURE_AUTORELEASING = YES;
				CLANG_WARN_BOOL_CONVERSION = YES;
				CLANG_WARN_COMMA = YES;
				CLANG_WARN_CONSTANT_CONVERSION = YES;
				CLANG_WARN_DEPRECATED_OBJC_IMPLEMENTATIONS = YES;
				CLANG_WARN_DIRECT_OBJC_ISA_USAGE = YES_ERROR;
				CLANG_WARN_DOCUMENTATION_COMMENTS = YES;
				CLANG_WARN_EMPTY_BODY = YES;
				CLANG_WARN_ENUM_CONVERSION = YES;
				CLANG_WARN_INFINITE_RECURSION = YES;
				CLANG_WARN_INT_CONVERSION = YES;
				CLANG_WARN_NON_LITERAL_NULL_CONVERSION = YES;
				CLANG_WARN_OBJC_IMPLICIT_RETAIN_SELF = YES;
				CLANG_WARN_OBJC_LITERAL_CONVERSION = YES;
				CLANG_WARN_OBJC_ROOT_CLASS = YES_ERROR;
				CLANG_WARN_RANGE_LOOP_ANALYSIS = YES;
				CLANG_WARN_STRICT_PROTOTYPES = YES;
				CLANG_WARN_SUSPICIOUS_MOVE = YES;
				CLANG_WARN_UNGUARDED_AVAILABILITY = YES_AGGRESSIVE;
				CLANG_WARN_UNREACHABLE_CODE = YES;
				CLANG_WARN__DUPLICATE_METHOD_MATCH = YES;
				CODE_SIGN_IDENTITY = "iPhone Developer";
				COPY_PHASE_STRIP = NO;
				DEBUG_INFORMATION_FORMAT = dwarf;
				ENABLE_STRICT_OBJC_MSGSEND = YES;
				ENABLE_TESTABILITY = YES;
				GCC_C_LANGUAGE_STANDARD = gnu11;
				GCC_DYNAMIC_NO_PIC = NO;
				GCC_NO_COMMON_BLOCKS = YES;
				GCC_OPTIMIZATION_LEVEL = 0;
				GCC_PREPROCESSOR_DEFINITIONS = (
					"DEBUG=1",
					"$(inherited)",
				);
				GCC_WARN_64_TO_32_BIT_CONVERSION = YES;
				GCC_WARN_ABOUT_RETURN_TYPE = YES_ERROR;
				GCC_WARN_UNDECLARED_SELECTOR = YES;
				GCC_WARN_UNINITIALIZED_AUTOS = YES_AGGRESSIVE;
				GCC_WARN_UNUSED_FUNCTION = YES;
				GCC_WARN_UNUSED_VARIABLE = YES;
				IPHONEOS_DEPLOYMENT_TARGET = 11.3;
				MTL_ENABLE_DEBUG_INFO = YES;
				ONLY_ACTIVE_ARCH = YES;
				SDKROOT = iphoneos;
				SWIFT_ACTIVE_COMPILATION_CONDITIONS = DEBUG;
				SWIFT_OPTIMIZATION_LEVEL = "-Onone";
			};
			name = Debug;
		};
		FBD649DE20944ADF00DA81F5 /* Release */ = {
			isa = XCBuildConfiguration;
			buildSettings = {
				ALWAYS_SEARCH_USER_PATHS = NO;
				CLANG_ANALYZER_NONNULL = YES;
				CLANG_ANALYZER_NUMBER_OBJECT_CONVERSION = YES_AGGRESSIVE;
				CLANG_CXX_LANGUAGE_STANDARD = "gnu++14";
				CLANG_CXX_LIBRARY = "libc++";
				CLANG_ENABLE_MODULES = YES;
				CLANG_ENABLE_OBJC_ARC = YES;
				CLANG_ENABLE_OBJC_WEAK = YES;
				CLANG_WARN_BLOCK_CAPTURE_AUTORELEASING = YES;
				CLANG_WARN_BOOL_CONVERSION = YES;
				CLANG_WARN_COMMA = YES;
				CLANG_WARN_CONSTANT_CONVERSION = YES;
				CLANG_WARN_DEPRECATED_OBJC_IMPLEMENTATIONS = YES;
				CLANG_WARN_DIRECT_OBJC_ISA_USAGE = YES_ERROR;
				CLANG_WARN_DOCUMENTATION_COMMENTS = YES;
				CLANG_WARN_EMPTY_BODY = YES;
				CLANG_WARN_ENUM_CONVERSION = YES;
				CLANG_WARN_INFINITE_RECURSION = YES;
				CLANG_WARN_INT_CONVERSION = YES;
				CLANG_WARN_NON_LITERAL_NULL_CONVERSION = YES;
				CLANG_WARN_OBJC_IMPLICIT_RETAIN_SELF = YES;
				CLANG_WARN_OBJC_LITERAL_CONVERSION = YES;
				CLANG_WARN_OBJC_ROOT_CLASS = YES_ERROR;
				CLANG_WARN_RANGE_LOOP_ANALYSIS = YES;
				CLANG_WARN_STRICT_PROTOTYPES = YES;
				CLANG_WARN_SUSPICIOUS_MOVE = YES;
				CLANG_WARN_UNGUARDED_AVAILABILITY = YES_AGGRESSIVE;
				CLANG_WARN_UNREACHABLE_CODE = YES;
				CLANG_WARN__DUPLICATE_METHOD_MATCH = YES;
				CODE_SIGN_IDENTITY = "iPhone Developer";
				COPY_PHASE_STRIP = NO;
				DEBUG_INFORMATION_FORMAT = "dwarf-with-dsym";
				ENABLE_NS_ASSERTIONS = NO;
				ENABLE_STRICT_OBJC_MSGSEND = YES;
				GCC_C_LANGUAGE_STANDARD = gnu11;
				GCC_NO_COMMON_BLOCKS = YES;
				GCC_WARN_64_TO_32_BIT_CONVERSION = YES;
				GCC_WARN_ABOUT_RETURN_TYPE = YES_ERROR;
				GCC_WARN_UNDECLARED_SELECTOR = YES;
				GCC_WARN_UNINITIALIZED_AUTOS = YES_AGGRESSIVE;
				GCC_WARN_UNUSED_FUNCTION = YES;
				GCC_WARN_UNUSED_VARIABLE = YES;
				IPHONEOS_DEPLOYMENT_TARGET = 11.3;
				MTL_ENABLE_DEBUG_INFO = NO;
				SDKROOT = iphoneos;
				SWIFT_COMPILATION_MODE = wholemodule;
				SWIFT_OPTIMIZATION_LEVEL = "-O";
				VALIDATE_PRODUCT = YES;
			};
			name = Release;
		};
		FBD649E020944ADF00DA81F5 /* Debug */ = {
			isa = XCBuildConfiguration;
			buildSettings = {
				ASSETCATALOG_COMPILER_APPICON_NAME = AppIcon;
				CODE_SIGN_IDENTITY = "iPhone Developer";
				CODE_SIGN_STYLE = Automatic;
				DEVELOPMENT_TEAM = 65PKPTRG94;
				INFOPLIST_FILE = UniPay/Info.plist;
				IPHONEOS_DEPLOYMENT_TARGET = 11.3;
				LD_RUNPATH_SEARCH_PATHS = (
					"$(inherited)",
					"@executable_path/Frameworks",
				);
				PRODUCT_BUNDLE_IDENTIFIER = com.nu.UniPay;
				PRODUCT_NAME = "$(TARGET_NAME)";
				PROVISIONING_PROFILE_SPECIFIER = "";
				SWIFT_VERSION = 4.0;
				TARGETED_DEVICE_FAMILY = 1;
			};
			name = Debug;
		};
		FBD649E120944ADF00DA81F5 /* Release */ = {
			isa = XCBuildConfiguration;
			buildSettings = {
				ASSETCATALOG_COMPILER_APPICON_NAME = AppIcon;
				CODE_SIGN_IDENTITY = "iPhone Developer";
				CODE_SIGN_STYLE = Automatic;
				DEVELOPMENT_TEAM = 65PKPTRG94;
				INFOPLIST_FILE = UniPay/Info.plist;
				IPHONEOS_DEPLOYMENT_TARGET = 11.3;
				LD_RUNPATH_SEARCH_PATHS = (
					"$(inherited)",
					"@executable_path/Frameworks",
				);
				PRODUCT_BUNDLE_IDENTIFIER = com.nu.UniPay;
				PRODUCT_NAME = "$(TARGET_NAME)";
				PROVISIONING_PROFILE_SPECIFIER = "";
				SWIFT_VERSION = 4.0;
				TARGETED_DEVICE_FAMILY = 1;
			};
			name = Release;
		};
/* End XCBuildConfiguration section */

/* Begin XCConfigurationList section */
		FBD649C820944ADD00DA81F5 /* Build configuration list for PBXProject "UniPay" */ = {
			isa = XCConfigurationList;
			buildConfigurations = (
				FBD649DD20944ADF00DA81F5 /* Debug */,
				FBD649DE20944ADF00DA81F5 /* Release */,
			);
			defaultConfigurationIsVisible = 0;
			defaultConfigurationName = Release;
		};
		FBD649DF20944ADF00DA81F5 /* Build configuration list for PBXNativeTarget "UniPay" */ = {
			isa = XCConfigurationList;
			buildConfigurations = (
				FBD649E020944ADF00DA81F5 /* Debug */,
				FBD649E120944ADF00DA81F5 /* Release */,
			);
			defaultConfigurationIsVisible = 0;
			defaultConfigurationName = Release;
		};
/* End XCConfigurationList section */
	};
	rootObject = FBD649C520944ADD00DA81F5 /* Project object */;
}
